// !$*UTF8*$!
{
	archiveVersion = 1;
	classes = {
	};
	objectVersion = 77;
	objects = {

/* Begin PBXBuildFile section */
		424010902F788EAA001FC94D /* RecoveryLog.swift in Sources */ = {isa = PBXBuildFile; fileRef = 4240108F2F788EAA001FC94D /* RecoveryLog.swift */; };
		424010922F788EE2001FC94D /*  LoggedWorkout.swift in Sources */ = {isa = PBXBuildFile; fileRef = 424010912F788EE2001FC94D /*  LoggedWorkout.swift */; };
		424010942F788EF4001FC94D /* Supplement.swift in Sources */ = {isa = PBXBuildFile; fileRef = 424010932F788EF4001FC94D /* Supplement.swift */; };
		424010962F788F07001FC94D /* SupplementLog.swift in Sources */ = {isa = PBXBuildFile; fileRef = 424010952F788F07001FC94D /* SupplementLog.swift */; };
		424010992F788F49001FC94D /* RecoveryService.swift in Sources */ = {isa = PBXBuildFile; fileRef = 424010982F788F49001FC94D /* RecoveryService.swift */; };
		4240109C2F788F65001FC94D /* ContentView.swift in Sources */ = {isa = PBXBuildFile; fileRef = 4240109B2F788F65001FC94D /* ContentView.swift */; };
		424010A12F789043001FC94D /*  SanctuaryGYMApp.swift in Sources */ = {isa = PBXBuildFile; fileRef = 424010A02F789043001FC94D /*  SanctuaryGYMApp.swift */; };
		424010A72F789843001FC94D /* FoodLog.swift in Sources */ = {isa = PBXBuildFile; fileRef = 424010A62F789843001FC94D /* FoodLog.swift */; };
		424010A92F78987E001FC94D /* DailyNutritionSummary.swift in Sources */ = {isa = PBXBuildFile; fileRef = 424010A82F78987E001FC94D /* DailyNutritionSummary.swift */; };
		42EA42012F78E3AC007D287A /* DashboardView.swift in Sources */ = {isa = PBXBuildFile; fileRef = 42EA42002F78E3AC007D287A /* DashboardView.swift */; };
		42EA42032F78E3E3007D287A /* TrainingView.swift in Sources */ = {isa = PBXBuildFile; fileRef = 42EA42022F78E3E3007D287A /* TrainingView.swift */; };
		42EA42052F78E43F007D287A /* NutritionView.swift in Sources */ = {isa = PBXBuildFile; fileRef = 42EA42042F78E43F007D287A /* NutritionView.swift */; };
		42EA420B2F78E4A9007D287A /* FitnessProgressView.swift in Sources */ = {isa = PBXBuildFile; fileRef = 42EA420A2F78E4A9007D287A /* FitnessProgressView.swift */; };
		42EA420D2F78E516007D287A /* SplashVideoView.swift in Sources */ = {isa = PBXBuildFile; fileRef = 42EA420C2F78E516007D287A /* SplashVideoView.swift */; };
		42EA420F2F78E559007D287A /* OnboardingFlowView.swift in Sources */ = {isa = PBXBuildFile; fileRef = 42EA420E2F78E559007D287A /* OnboardingFlowView.swift */; };
/* End PBXBuildFile section */

/* Begin PBXFileReference section */
		4240106F2F78899D001FC94D /* iGYM.app */ = {isa = PBXFileReference; explicitFileType = wrapper.application; includeInIndex = 0; path = iGYM.app; sourceTree = BUILT_PRODUCTS_DIR; };
		4240108F2F788EAA001FC94D /* RecoveryLog.swift */ = {isa = PBXFileReference; lastKnownFileType = sourcecode.swift; path = RecoveryLog.swift; sourceTree = "<group>"; };
		424010912F788EE2001FC94D /*  LoggedWorkout.swift */ = {isa = PBXFileReference; lastKnownFileType = sourcecode.swift; path = " LoggedWorkout.swift"; sourceTree = "<group>"; };
		424010932F788EF4001FC94D /* Supplement.swift */ = {isa = PBXFileReference; lastKnownFileType = sourcecode.swift; path = Supplement.swift; sourceTree = "<group>"; };
		424010952F788F07001FC94D /* SupplementLog.swift */ = {isa = PBXFileReference; lastKnownFileType = sourcecode.swift; path = SupplementLog.swift; sourceTree = "<group>"; };
		424010982F788F49001FC94D /* RecoveryService.swift */ = {isa = PBXFileReference; lastKnownFileType = sourcecode.swift; path = RecoveryService.swift; sourceTree = "<group>"; };
		4240109B2F788F65001FC94D /* ContentView.swift */ = {isa = PBXFileReference; lastKnownFileType = sourcecode.swift; path = ContentView.swift; sourceTree = "<group>"; };
		424010A02F789043001FC94D /*  SanctuaryGYMApp.swift */ = {isa = PBXFileReference; lastKnownFileType = sourcecode.swift; path = " SanctuaryGYMApp.swift"; sourceTree = "<group>"; };
		424010A62F789843001FC94D /* FoodLog.swift */ = {isa = PBXFileReference; lastKnownFileType = sourcecode.swift; path = FoodLog.swift; sourceTree = "<group>"; };
		424010A82F78987E001FC94D /* DailyNutritionSummary.swift */ = {isa = PBXFileReference; lastKnownFileType = sourcecode.swift; path = DailyNutritionSummary.swift; sourceTree = "<group>"; };
		42EA42002F78E3AC007D287A /* DashboardView.swift */ = {isa = PBXFileReference; lastKnownFileType = sourcecode.swift; path = DashboardView.swift; sourceTree = "<group>"; };
		42EA42022F78E3E3007D287A /* TrainingView.swift */ = {isa = PBXFileReference; lastKnownFileType = sourcecode.swift; path = TrainingView.swift; sourceTree = "<group>"; };
		42EA42042F78E43F007D287A /* NutritionView.swift */ = {isa = PBXFileReference; lastKnownFileType = sourcecode.swift; path = NutritionView.swift; sourceTree = "<group>"; };
		42EA420A2F78E4A9007D287A /* FitnessProgressView.swift */ = {isa = PBXFileReference; lastKnownFileType = sourcecode.swift; path = FitnessProgressView.swift; sourceTree = "<group>"; };
		42EA420C2F78E516007D287A /* SplashVideoView.swift */ = {isa = PBXFileReference; lastKnownFileType = sourcecode.swift; path = SplashVideoView.swift; sourceTree = "<group>"; };
		42EA420E2F78E559007D287A /* OnboardingFlowView.swift */ = {isa = PBXFileReference; lastKnownFileType = sourcecode.swift; path = OnboardingFlowView.swift; sourceTree = "<group>"; };
/* End PBXFileReference section */

/* Begin PBXFrameworksBuildPhase section */
		4240106C2F78899D001FC94D /* Frameworks */ = {
			isa = PBXFrameworksBuildPhase;
			buildActionMask = 2147483647;
			files = (
			);
			runOnlyForDeploymentPostprocessing = 0;
		};
/* End PBXFrameworksBuildPhase section */

/* Begin PBXGroup section */
		424010662F78899D001FC94D = {
			isa = PBXGroup;
			children = (
				4240109D2F788F70001FC94D /* App */,
				4240109A2F788F56001FC94D /* Views */,
				424010972F788F15001FC94D /* Service */,
				4240108E2F788E77001FC94D /* Models */,
				424010702F78899D001FC94D /* Products */,
			);
			sourceTree = "<group>";
		};
		424010702F78899D001FC94D /* Products */ = {
			isa = PBXGroup;
			children = (
				4240106F2F78899D001FC94D /* iGYM.app */,
			);
			name = Products;
			sourceTree = "<group>";
		};
		4240108E2F788E77001FC94D /* Models */ = {
			isa = PBXGroup;
			children = (
				4240108F2F788EAA001FC94D /* RecoveryLog.swift */,
				424010912F788EE2001FC94D /*  LoggedWorkout.swift */,
				424010932F788EF4001FC94D /* Supplement.swift */,
				424010952F788F07001FC94D /* SupplementLog.swift */,
				424010A62F789843001FC94D /* FoodLog.swift */,
				424010A82F78987E001FC94D /* DailyNutritionSummary.swift */,
			);
			path = Models;
			sourceTree = "<group>";
		};
		424010972F788F15001FC94D /* Service */ = {
			isa = PBXGroup;
			children = (
				424010982F788F49001FC94D /* RecoveryService.swift */,
			);
			path = Service;
			sourceTree = "<group>";
		};
		4240109A2F788F56001FC94D /* Views */ = {
			isa = PBXGroup;
			children = (
				4240109B2F788F65001FC94D /* ContentView.swift */,
				42EA420A2F78E4A9007D287A /* FitnessProgressView.swift */,
				42EA42042F78E43F007D287A /* NutritionView.swift */,
				42EA42002F78E3AC007D287A /* DashboardView.swift */,
				42EA42022F78E3E3007D287A /* TrainingView.swift */,
			);
			path = Views;
			sourceTree = "<group>";
		};
		4240109D2F788F70001FC94D /* App */ = {
			isa = PBXGroup;
			children = (
				42EA420E2F78E559007D287A /* OnboardingFlowView.swift */,
				42EA420C2F78E516007D287A /* SplashVideoView.swift */,
				424010A02F789043001FC94D /*  SanctuaryGYMApp.swift */,
			);
			path = App;
			sourceTree = "<group>";
		};
/* End PBXGroup section */

/* Begin PBXNativeTarget section */
		4240106E2F78899D001FC94D /* iGYM */ = {
			isa = PBXNativeTarget;
			buildConfigurationList = 4240107A2F7889A1001FC94D /* Build configuration list for PBXNativeTarget "iGYM" */;
			buildPhases = (
				4240106B2F78899D001FC94D /* Sources */,
				4240106C2F78899D001FC94D /* Frameworks */,
				4240106D2F78899D001FC94D /* Resources */,
			);
			buildRules = (
			);
			dependencies = (
			);
			name = iGYM;
			packageProductDependencies = (
			);
			productName = iGYM;
			productReference = 4240106F2F78899D001FC94D /* iGYM.app */;
			productType = "com.apple.product-type.application";
		};
/* End PBXNativeTarget section */

/* Begin PBXProject section */
		424010672F78899D001FC94D /* Project object */ = {
			isa = PBXProject;
			attributes = {
				BuildIndependentTargetsInParallel = 1;
				LastSwiftUpdateCheck = 2640;
				LastUpgradeCheck = 2640;
				TargetAttributes = {
					4240106E2F78899D001FC94D = {
						CreatedOnToolsVersion = 26.4;
						LastSwiftMigration = 2640;
					};
				};
			};
			buildConfigurationList = 4240106A2F78899D001FC94D /* Build configuration list for PBXProject "SANCTUARYGYM" */;
			developmentRegion = en;
			hasScannedForEncodings = 0;
			knownRegions = (
				en,
				Base,
			);
			mainGroup = 424010662F78899D001FC94D;
			minimizedProjectReferenceProxies = 1;
			preferredProjectObjectVersion = 77;
			productRefGroup = 424010702F78899D001FC94D /* Products */;
			projectDirPath = "";
			projectRoot = "";
			targets = (
				4240106E2F78899D001FC94D /* iGYM */,
			);
		};
/* End PBXProject section */

/* Begin PBXResourcesBuildPhase section */
		4240106D2F78899D001FC94D /* Resources */ = {
			isa = PBXResourcesBuildPhase;
			buildActionMask = 2147483647;
			files = (
			);
			runOnlyForDeploymentPostprocessing = 0;
		};
/* End PBXResourcesBuildPhase section */

/* Begin PBXSourcesBuildPhase section */
		4240106B2F78899D001FC94D /* Sources */ = {
			isa = PBXSourcesBuildPhase;
			buildActionMask = 2147483647;
			files = (
				424010922F788EE2001FC94D /*  LoggedWorkout.swift in Sources */,
				42EA420D2F78E516007D287A /* SplashVideoView.swift in Sources */,
				424010A12F789043001FC94D /*  SanctuaryGYMApp.swift in Sources */,
				42EA420F2F78E559007D287A /* OnboardingFlowView.swift in Sources */,
				424010962F788F07001FC94D /* SupplementLog.swift in Sources */,
				424010A72F789843001FC94D /* FoodLog.swift in Sources */,
				42EA42032F78E3E3007D287A /* TrainingView.swift in Sources */,
				4240109C2F788F65001FC94D /* ContentView.swift in Sources */,
				424010902F788EAA001FC94D /* RecoveryLog.swift in Sources */,
				424010942F788EF4001FC94D /* Supplement.swift in Sources */,
				42EA42012F78E3AC007D287A /* DashboardView.swift in Sources */,
				42EA42052F78E43F007D287A /* NutritionView.swift in Sources */,
				42EA420B2F78E4A9007D287A /* FitnessProgressView.swift in Sources */,
				424010992F788F49001FC94D /* RecoveryService.swift in Sources */,
				424010A92F78987E001FC94D /* DailyNutritionSummary.swift in Sources */,
			);
			runOnlyForDeploymentPostprocessing = 0;
		};
/* End PBXSourcesBuildPhase section */

/* Begin XCBuildConfiguration section */
		424010782F7889A1001FC94D /* Debug */ = {
			isa = XCBuildConfiguration;
			buildSettings = {
				ALWAYS_SEARCH_USER_PATHS = NO;
				ASSETCATALOG_COMPILER_GENERATE_SWIFT_ASSET_SYMBOL_EXTENSIONS = YES;
				CLANG_ANALYZER_NONNULL = YES;
				CLANG_ANALYZER_NUMBER_OBJECT_CONVERSION = YES_AGGRESSIVE;
				CLANG_CXX_LANGUAGE_STANDARD = "gnu++20";
				CLANG_ENABLE_MODULES = YES;
				CLANG_ENABLE_OBJC_ARC = YES;
				CLANG_ENABLE_OBJC_WEAK = YES;
				CLANG_WARN_BLOCK_CAPTURE_AUTORELEASING = YES;
				CLANG_WARN_BOOL_CONVERSION = YES;
				CLANG_WARN_COMMA = YES;
				CLANG_WARN_CONSTANT_CONVERSION = YES;
				CLANG_WARN_DEPRECATED_OBJC_IMPLEMENTATIONS = YES;
				CLANG_WARN_DIRECT_OBJC_ISA_USAGE = YES_ERROR;
				CLANG_WARN_DOCUMENTATION_COMMENTS = YES;
				CLANG_WARN_EMPTY_BODY = YES;
				CLANG_WARN_ENUM_CONVERSION = YES;
				CLANG_WARN_INFINITE_RECURSION = YES;
				CLANG_WARN_INT_CONVERSION = YES;
				CLANG_WARN_NON_LITERAL_NULL_CONVERSION = YES;
				CLANG_WARN_OBJC_IMPLICIT_RETAIN_SELF = YES;
				CLANG_WARN_OBJC_LITERAL_CONVERSION = YES;
				CLANG_WARN_OBJC_ROOT_CLASS = YES_ERROR;
				CLANG_WARN_QUOTED_INCLUDE_IN_FRAMEWORK_HEADER = YES;
				CLANG_WARN_RANGE_LOOP_ANALYSIS = YES;
				CLANG_WARN_STRICT_PROTOTYPES = YES;
				CLANG_WARN_SUSPICIOUS_MOVE = YES;
				CLANG_WARN_UNGUARDED_AVAILABILITY = YES_AGGRESSIVE;
				CLANG_WARN_UNREACHABLE_CODE = YES;
				CLANG_WARN__DUPLICATE_METHOD_MATCH = YES;
				COPY_PHASE_STRIP = NO;
				DEBUG_INFORMATION_FORMAT = dwarf;
				ENABLE_STRICT_OBJC_MSGSEND = YES;
				ENABLE_TESTABILITY = YES;
				ENABLE_USER_SCRIPT_SANDBOXING = YES;
				GCC_C_LANGUAGE_STANDARD = gnu17;
				GCC_DYNAMIC_NO_PIC = NO;
				GCC_NO_COMMON_BLOCKS = YES;
				GCC_OPTIMIZATION_LEVEL = 0;
				GCC_PREPROCESSOR_DEFINITIONS = (
					"DEBUG=1",
					"$(inherited)",
				);
				GCC_WARN_64_TO_32_BIT_CONVERSION = YES;
				GCC_WARN_ABOUT_RETURN_TYPE = YES_ERROR;
				GCC_WARN_UNDECLARED_SELECTOR = YES;
				GCC_WARN_UNINITIALIZED_AUTOS = YES_AGGRESSIVE;
				GCC_WARN_UNUSED_FUNCTION = YES;
				GCC_WARN_UNUSED_VARIABLE = YES;
				IPHONEOS_DEPLOYMENT_TARGET = 26.4;
				LOCALIZATION_PREFERS_STRING_CATALOGS = YES;
				MTL_ENABLE_DEBUG_INFO = INCLUDE_SOURCE;
				MTL_FAST_MATH = YES;
				ONLY_ACTIVE_ARCH = YES;
				SDKROOT = iphoneos;
				SWIFT_ACTIVE_COMPILATION_CONDITIONS = "DEBUG $(inherited)";
				SWIFT_OPTIMIZATION_LEVEL = "-Onone";
			};
			name = Debug;
		};
		424010792F7889A1001FC94D /* Release */ = {
			isa = XCBuildConfiguration;
			buildSettings = {
				ALWAYS_SEARCH_USER_PATHS = NO;
				ASSETCATALOG_COMPILER_GENERATE_SWIFT_ASSET_SYMBOL_EXTENSIONS = YES;
				CLANG_ANALYZER_NONNULL = YES;
				CLANG_ANALYZER_NUMBER_OBJECT_CONVERSION = YES_AGGRESSIVE;
				CLANG_CXX_LANGUAGE_STANDARD = "gnu++20";
				CLANG_ENABLE_MODULES = YES;
				CLANG_ENABLE_OBJC_ARC = YES;
				CLANG_ENABLE_OBJC_WEAK = YES;
				CLANG_WARN_BLOCK_CAPTURE_AUTORELEASING = YES;
				CLANG_WARN_BOOL_CONVERSION = YES;
				CLANG_WARN_COMMA = YES;
				CLANG_WARN_CONSTANT_CONVERSION = YES;
				CLANG_WARN_DEPRECATED_OBJC_IMPLEMENTATIONS = YES;
				CLANG_WARN_DIRECT_OBJC_ISA_USAGE = YES_ERROR;
				CLANG_WARN_DOCUMENTATION_COMMENTS = YES;
				CLANG_WARN_EMPTY_BODY = YES;
				CLANG_WARN_ENUM_CONVERSION = YES;
				CLANG_WARN_INFINITE_RECURSION = YES;
				CLANG_WARN_INT_CONVERSION = YES;
				CLANG_WARN_NON_LITERAL_NULL_CONVERSION = YES;
				CLANG_WARN_OBJC_IMPLICIT_RETAIN_SELF = YES;
				CLANG_WARN_OBJC_LITERAL_CONVERSION = YES;
				CLANG_WARN_OBJC_ROOT_CLASS = YES_ERROR;
				CLANG_WARN_QUOTED_INCLUDE_IN_FRAMEWORK_HEADER = YES;
				CLANG_WARN_RANGE_LOOP_ANALYSIS = YES;
				CLANG_WARN_STRICT_PROTOTYPES = YES;
				CLANG_WARN_SUSPICIOUS_MOVE = YES;
				CLANG_WARN_UNGUARDED_AVAILABILITY = YES_AGGRESSIVE;
				CLANG_WARN_UNREACHABLE_CODE = YES;
				CLANG_WARN__DUPLICATE_METHOD_MATCH = YES;
				COPY_PHASE_STRIP = NO;
				DEBUG_INFORMATION_FORMAT = "dwarf-with-dsym";
				ENABLE_NS_ASSERTIONS = NO;
				ENABLE_STRICT_OBJC_MSGSEND = YES;
				ENABLE_USER_SCRIPT_SANDBOXING = YES;
				GCC_C_LANGUAGE_STANDARD = gnu17;
				GCC_NO_COMMON_BLOCKS = YES;
				GCC_WARN_64_TO_32_BIT_CONVERSION = YES;
				GCC_WARN_ABOUT_RETURN_TYPE = YES_ERROR;
				GCC_WARN_UNDECLARED_SELECTOR = YES;
				GCC_WARN_UNINITIALIZED_AUTOS = YES_AGGRESSIVE;
				GCC_WARN_UNUSED_FUNCTION = YES;
				GCC_WARN_UNUSED_VARIABLE = YES;
				IPHONEOS_DEPLOYMENT_TARGET = 26.4;
				LOCALIZATION_PREFERS_STRING_CATALOGS = YES;
				MTL_ENABLE_DEBUG_INFO = NO;
				MTL_FAST_MATH = YES;
				SDKROOT = iphoneos;
				SWIFT_COMPILATION_MODE = wholemodule;
				VALIDATE_PRODUCT = YES;
			};
			name = Release;
		};
		4240107B2F7889A1001FC94D /* Debug */ = {
			isa = XCBuildConfiguration;
			buildSettings = {
				ASSETCATALOG_COMPILER_APPICON_NAME = AppIcon;
				ASSETCATALOG_COMPILER_GLOBAL_ACCENT_COLOR_NAME = AccentColor;
				CLANG_ENABLE_MODULES = YES;
				CODE_SIGN_STYLE = Automatic;
				CURRENT_PROJECT_VERSION = 1;
				ENABLE_PREVIEWS = YES;
				GENERATE_INFOPLIST_FILE = YES;
				INFOPLIST_KEY_UIApplicationSceneManifest_Generation = YES;
				INFOPLIST_KEY_UIApplicationSupportsIndirectInputEvents = YES;
				INFOPLIST_KEY_UILaunchScreen_Generation = YES;
				INFOPLIST_KEY_UISupportedInterfaceOrientations_iPad = "UIInterfaceOrientationPortrait UIInterfaceOrientationPortraitUpsideDown UIInterfaceOrientationLandscapeLeft UIInterfaceOrientationLandscapeRight";
				INFOPLIST_KEY_UISupportedInterfaceOrientations_iPhone = "UIInterfaceOrientationPortrait UIInterfaceOrientationLandscapeLeft UIInterfaceOrientationLandscapeRight";
				LD_RUNPATH_SEARCH_PATHS = (
					"$(inherited)",
					"@executable_path/Frameworks",
				);
				MARKETING_VERSION = 1.0;
				PRODUCT_BUNDLE_IDENTIFIER = igym.io.iGYM;
				PRODUCT_NAME = "$(TARGET_NAME)";
				STRING_CATALOG_GENERATE_SYMBOLS = YES;
				SWIFT_APPROACHABLE_CONCURRENCY = YES;
				SWIFT_DEFAULT_ACTOR_ISOLATION = MainActor;
				SWIFT_EMIT_LOC_STRINGS = YES;
				SWIFT_OPTIMIZATION_LEVEL = "-Onone";
				SWIFT_UPCOMING_FEATURE_MEMBER_IMPORT_VISIBILITY = YES;
				SWIFT_VERSION = 5.0;
				TARGETED_DEVICE_FAMILY = "1,2";
			};
			name = Debug;
		};
		4240107C2F7889A1001FC94D /* Release */ = {
			isa = XCBuildConfiguration;
			buildSettings = {
				ASSETCATALOG_COMPILER_APPICON_NAME = AppIcon;
				ASSETCATALOG_COMPILER_GLOBAL_ACCENT_COLOR_NAME = AccentColor;
				CLANG_ENABLE_MODULES = YES;
				CODE_SIGN_STYLE = Automatic;
				CURRENT_PROJECT_VERSION = 1;
				ENABLE_PREVIEWS = YES;
				GENERATE_INFOPLIST_FILE = YES;
				INFOPLIST_KEY_UIApplicationSceneManifest_Generation = YES;
				INFOPLIST_KEY_UIApplicationSupportsIndirectInputEvents = YES;
				INFOPLIST_KEY_UILaunchScreen_Generation = YES;
				INFOPLIST_KEY_UISupportedInterfaceOrientations_iPad = "UIInterfaceOrientationPortrait UIInterfaceOrientationPortraitUpsideDown UIInterfaceOrientationLandscapeLeft UIInterfaceOrientationLandscapeRight";
				INFOPLIST_KEY_UISupportedInterfaceOrientations_iPhone = "UIInterfaceOrientationPortrait UIInterfaceOrientationLandscapeLeft UIInterfaceOrientationLandscapeRight";
				LD_RUNPATH_SEARCH_PATHS = (
					"$(inherited)",
					"@executable_path/Frameworks",
				);
				MARKETING_VERSION = 1.0;
				PRODUCT_BUNDLE_IDENTIFIER = igym.io.iGYM;
				PRODUCT_NAME = "$(TARGET_NAME)";
				STRING_CATALOG_GENERATE_SYMBOLS = YES;
				SWIFT_APPROACHABLE_CONCURRENCY = YES;
				SWIFT_DEFAULT_ACTOR_ISOLATION = MainActor;
				SWIFT_EMIT_LOC_STRINGS = YES;
				SWIFT_UPCOMING_FEATURE_MEMBER_IMPORT_VISIBILITY = YES;
				SWIFT_VERSION = 5.0;
				TARGETED_DEVICE_FAMILY = "1,2";
			};
			name = Release;
		};
/* End XCBuildConfiguration section */

/* Begin XCConfigurationList section */
		4240106A2F78899D001FC94D /* Build configuration list for PBXProject "SANCTUARYGYM" */ = {
			isa = XCConfigurationList;
			buildConfigurations = (
				424010782F7889A1001FC94D /* Debug */,
				424010792F7889A1001FC94D /* Release */,
			);
			defaultConfigurationIsVisible = 0;
			defaultConfigurationName = Release;
		};
		4240107A2F7889A1001FC94D /* Build configuration list for PBXNativeTarget "iGYM" */ = {
			isa = XCConfigurationList;
			buildConfigurations = (
				4240107B2F7889A1001FC94D /* Debug */,
				4240107C2F7889A1001FC94D /* Release */,
			);
			defaultConfigurationIsVisible = 0;
			defaultConfigurationName = Release;
		};
/* End XCConfigurationList section */
	};
	rootObject = 424010672F78899D001FC94D /* Project object */;
}
